{
  "nodes": {
    "nixpkgs": {
      "locked": {
        "lastModified": 1786544069,
        "narHash": "sha256-EmN07lvpY5so7jG8jcAfBqafoi0pJYjW589YezV6Nyc=",
        "owner": "nixos",
        "repo": "nixpkgs",
        "rev": "f69eba8b00e0aa62f85a54d9dda56b46b8426ec3",
        "type": "github"
      },
      "original": {
        "owner": "nixos",
        "repo": "nixpkgs",
        "type": "github"
      }
    },
    "root": {
      "inputs": {
        "nixpkgs": "nixpkgs"
      }
    }
  },
  "root": "root",
  "version": 7
}
